// !$*UTF8*$!
{
	archiveVersion = 1;
	classes = {
	};
	objectVersion = 46;
	objects = {

/* Begin PBXBuildFile section */
		1809FB1B18F640A2003F1CBC /* Foundation.framework in Frameworks */ = {isa = PBXBuildFile; fileRef = 1809FB1A18F640A2003F1CBC /* Foundation.framework */; };
		1809FB1D18F640A2003F1CBC /* CoreGraphics.framework in Frameworks */ = {isa = PBXBuildFile; fileRef = 1809FB1C18F640A2003F1CBC /* CoreGraphics.framework */; };
		1809FB1F18F640A2003F1CBC /* UIKit.framework in Frameworks */ = {isa = PBXBuildFile; fileRef = 1809FB1E18F640A2003F1CBC /* UIKit.framework */; };
		1809FB2518F640A2003F1CBC /* InfoPlist.strings in Resources */ = {isa = PBXBuildFile; fileRef = 1809FB2318F640A2003F1CBC /* InfoPlist.strings */; };
		1809FB2718F640A2003F1CBC /* main.m in Sources */ = {isa = PBXBuildFile; fileRef = 1809FB2618F640A2003F1CBC /* main.m */; };
		1809FB2B18F640A2003F1CBC /* CCAppDelegate.m in Sources */ = {isa = PBXBuildFile; fileRef = 1809FB2A18F640A2003F1CBC /* CCAppDelegate.m */; };
		1809FB2E18F640A2003F1CBC /* Main_iPhone.storyboard in Resources */ = {isa = PBXBuildFile; fileRef = 1809FB2C18F640A2003F1CBC /* Main_iPhone.storyboard */; };
		1809FB3418F640A3003F1CBC /* CCViewController.m in Sources */ = {isa = PBXBuildFile; fileRef = 1809FB3318F640A3003F1CBC /* CCViewController.m */; };
		1809FB3618F640A3003F1CBC /* Images.xcassets in Resources */ = {isa = PBXBuildFile; fileRef = 1809FB3518F640A3003F1CBC /* Images.xcassets */; };
		1809FB3D18F640A3003F1CBC /* XCTest.framework in Frameworks */ = {isa = PBXBuildFile; fileRef = 1809FB3C18F640A3003F1CBC /* XCTest.framework */; };
		1809FB3E18F640A3003F1CBC /* Foundation.framework in Frameworks */ = {isa = PBXBuildFile; fileRef = 1809FB1A18F640A2003F1CBC /* Foundation.framework */; };
		1809FB3F18F640A3003F1CBC /* UIKit.framework in Frameworks */ = {isa = PBXBuildFile; fileRef = 1809FB1E18F640A2003F1CBC /* UIKit.framework */; };
		1809FB4718F640A3003F1CBC /* InfoPlist.strings in Resources */ = {isa = PBXBuildFile; fileRef = 1809FB4518F640A3003F1CBC /* InfoPlist.strings */; };
		185FCA7A18F68ABE00A0127D /* NSString+CCValidate.m in Sources */ = {isa = PBXBuildFile; fileRef = 185FCA7018F68ABE00A0127D /* NSString+CCValidate.m */; };
		185FCA7B18F68ABE00A0127D /* CCValidateEmailTextField.m in Sources */ = {isa = PBXBuildFile; fileRef = 185FCA7318F68ABE00A0127D /* CCValidateEmailTextField.m */; };
		185FCA7C18F68ABE00A0127D /* CCValidateNumberTextField.m in Sources */ = {isa = PBXBuildFile; fileRef = 185FCA7518F68ABE00A0127D /* CCValidateNumberTextField.m */; };
		185FCA7D18F68ABE00A0127D /* CCValidatePhoneTextField.m in Sources */ = {isa = PBXBuildFile; fileRef = 185FCA7718F68ABE00A0127D /* CCValidatePhoneTextField.m */; };
		185FCA7E18F68ABE00A0127D /* CCValidateTextField.m in Sources */ = {isa = PBXBuildFile; fileRef = 185FCA7918F68ABE00A0127D /* CCValidateTextField.m */; };
		18E37E9918F65227004D4C57 /* CCNSStringValidateTests.m in Sources */ = {isa = PBXBuildFile; fileRef = 18E37E9818F65227004D4C57 /* CCNSStringValidateTests.m */; };
/* End PBXBuildFile section */

/* Begin PBXContainerItemProxy section */
		1809FB4018F640A3003F1CBC /* PBXContainerItemProxy */ = {
			isa = PBXContainerItemProxy;
			containerPortal = 1809FB0F18F640A2003F1CBC /* Project object */;
			proxyType = 1;
			remoteGlobalIDString = 1809FB1618F640A2003F1CBC;
			remoteInfo = CCExtendUtilsDemo;
		};
/* End PBXContainerItemProxy section */

/* Begin PBXFileReference section */
		1809FB1718F640A2003F1CBC /* CCExtendUtilsDemo.app */ = {isa = PBXFileReference; explicitFileType = wrapper.application; includeInIndex = 0; path = CCExtendUtilsDemo.app; sourceTree = BUILT_PRODUCTS_DIR; };
		1809FB1A18F640A2003F1CBC /* Foundation.framework */ = {isa = PBXFileReference; lastKnownFileType = wrapper.framework; name = Foundation.framework; path = System/Library/Frameworks/Foundation.framework; sourceTree = SDKROOT; };
		1809FB1C18F640A2003F1CBC /* CoreGraphics.framework */ = {isa = PBXFileReference; lastKnownFileType = wrapper.framework; name = CoreGraphics.framework; path = System/Library/Frameworks/CoreGraphics.framework; sourceTree = SDKROOT; };
		1809FB1E18F640A2003F1CBC /* UIKit.framework */ = {isa = PBXFileReference; lastKnownFileType = wrapper.framework; name = UIKit.framework; path = System/Library/Frameworks/UIKit.framework; sourceTree = SDKROOT; };
		1809FB2218F640A2003F1CBC /* CCExtendUtilsDemo-Info.plist */ = {isa = PBXFileReference; lastKnownFileType = text.plist.xml; path = "CCExtendUtilsDemo-Info.plist"; sourceTree = "<group>"; };
		1809FB2418F640A2003F1CBC /* en */ = {isa = PBXFileReference; lastKnownFileType = text.plist.strings; name = en; path = en.lproj/InfoPlist.strings; sourceTree = "<group>"; };
		1809FB2618F640A2003F1CBC /* main.m */ = {isa = PBXFileReference; lastKnownFileType = sourcecode.c.objc; path = main.m; sourceTree = "<group>"; };
		1809FB2818F640A2003F1CBC /* CCExtendUtilsDemo-Prefix.pch */ = {isa = PBXFileReference; lastKnownFileType = sourcecode.c.h; path = "CCExtendUtilsDemo-Prefix.pch"; sourceTree = "<group>"; };
		1809FB2918F640A2003F1CBC /* CCAppDelegate.h */ = {isa = PBXFileReference; lastKnownFileType = sourcecode.c.h; path = CCAppDelegate.h; sourceTree = "<group>"; };
		1809FB2A18F640A2003F1CBC /* CCAppDelegate.m */ = {isa = PBXFileReference; lastKnownFileType = sourcecode.c.objc; path = CCAppDelegate.m; sourceTree = "<group>"; };
		1809FB2D18F640A2003F1CBC /* Base */ = {isa = PBXFileReference; lastKnownFileType = file.storyboard; name = Base; path = Base.lproj/Main_iPhone.storyboard; sourceTree = "<group>"; };
		1809FB3218F640A3003F1CBC /* CCViewController.h */ = {isa = PBXFileReference; lastKnownFileType = sourcecode.c.h; path = CCViewController.h; sourceTree = "<group>"; };
		1809FB3318F640A3003F1CBC /* CCViewController.m */ = {isa = PBXFileReference; lastKnownFileType = sourcecode.c.objc; path = CCViewController.m; sourceTree = "<group>"; };
		1809FB3518F640A3003F1CBC /* Images.xcassets */ = {isa = PBXFileReference; lastKnownFileType = folder.assetcatalog; path = Images.xcassets; sourceTree = "<group>"; };
		1809FB3B18F640A3003F1CBC /* CCExtendUtilsDemoTests.xctest */ = {isa = PBXFileReference; explicitFileType = wrapper.cfbundle; includeInIndex = 0; path = CCExtendUtilsDemoTests.xctest; sourceTree = BUILT_PRODUCTS_DIR; };
		1809FB3C18F640A3003F1CBC /* XCTest.framework */ = {isa = PBXFileReference; lastKnownFileType = wrapper.framework; name = XCTest.framework; path = Library/Frameworks/XCTest.framework; sourceTree = DEVELOPER_DIR; };
		1809FB4418F640A3003F1CBC /* CCExtendUtilsDemoTests-Info.plist */ = {isa = PBXFileReference; lastKnownFileType = text.plist.xml; path = "CCExtendUtilsDemoTests-Info.plist"; sourceTree = "<group>"; };
		1809FB4618F640A3003F1CBC /* en */ = {isa = PBXFileReference; lastKnownFileType = text.plist.strings; name = en; path = en.lproj/InfoPlist.strings; sourceTree = "<group>"; };
		185FCA6F18F68ABE00A0127D /* NSString+CCValidate.h */ = {isa = PBXFileReference; fileEncoding = 4; lastKnownFileType = sourcecode.c.h; path = "NSString+CCValidate.h"; sourceTree = "<group>"; };
		185FCA7018F68ABE00A0127D /* NSString+CCValidate.m */ = {isa = PBXFileReference; fileEncoding = 4; lastKnownFileType = sourcecode.c.objc; path = "NSString+CCValidate.m"; sourceTree = "<group>"; };
		185FCA7218F68ABE00A0127D /* CCValidateEmailTextField.h */ = {isa = PBXFileReference; fileEncoding = 4; lastKnownFileType = sourcecode.c.h; path = CCValidateEmailTextField.h; sourceTree = "<group>"; };
		185FCA7318F68ABE00A0127D /* CCValidateEmailTextField.m */ = {isa = PBXFileReference; fileEncoding = 4; lastKnownFileType = sourcecode.c.objc; path = CCValidateEmailTextField.m; sourceTree = "<group>"; };
		185FCA7418F68ABE00A0127D /* CCValidateNumberTextField.h */ = {isa = PBXFileReference; fileEncoding = 4; lastKnownFileType = sourcecode.c.h; path = CCValidateNumberTextField.h; sourceTree = "<group>"; };
		185FCA7518F68ABE00A0127D /* CCValidateNumberTextField.m */ = {isa = PBXFileReference; fileEncoding = 4; lastKnownFileType = sourcecode.c.objc; path = CCValidateNumberTextField.m; sourceTree = "<group>"; };
		185FCA7618F68ABE00A0127D /* CCValidatePhoneTextField.h */ = {isa = PBXFileReference; fileEncoding = 4; lastKnownFileType = sourcecode.c.h; path = CCValidatePhoneTextField.h; sourceTree = "<group>"; };
		185FCA7718F68ABE00A0127D /* CCValidatePhoneTextField.m */ = {isa = PBXFileReference; fileEncoding = 4; lastKnownFileType = sourcecode.c.objc; path = CCValidatePhoneTextField.m; sourceTree = "<group>"; };
		185FCA7818F68ABE00A0127D /* CCValidateTextField.h */ = {isa = PBXFileReference; fileEncoding = 4; lastKnownFileType = sourcecode.c.h; path = CCValidateTextField.h; sourceTree = "<group>"; };
		185FCA7918F68ABE00A0127D /* CCValidateTextField.m */ = {isa = PBXFileReference; fileEncoding = 4; lastKnownFileType = sourcecode.c.objc; path = CCValidateTextField.m; sourceTree = "<group>"; };
		18E37E9818F65227004D4C57 /* CCNSStringValidateTests.m */ = {isa = PBXFileReference; fileEncoding = 4; lastKnownFileType = sourcecode.c.objc; path = CCNSStringValidateTests.m; sourceTree = "<group>"; };
/* End PBXFileReference section */

/* Begin PBXFrameworksBuildPhase section */
		1809FB1418F640A2003F1CBC /* Frameworks */ = {
			isa = PBXFrameworksBuildPhase;
			buildActionMask = 2147483647;
			files = (
				1809FB1D18F640A2003F1CBC /* CoreGraphics.framework in Frameworks */,
				1809FB1F18F640A2003F1CBC /* UIKit.framework in Frameworks */,
				1809FB1B18F640A2003F1CBC /* Foundation.framework in Frameworks */,
			);
			runOnlyForDeploymentPostprocessing = 0;
		};
		1809FB3818F640A3003F1CBC /* Frameworks */ = {
			isa = PBXFrameworksBuildPhase;
			buildActionMask = 2147483647;
			files = (
				1809FB3D18F640A3003F1CBC /* XCTest.framework in Frameworks */,
				1809FB3F18F640A3003F1CBC /* UIKit.framework in Frameworks */,
				1809FB3E18F640A3003F1CBC /* Foundation.framework in Frameworks */,
			);
			runOnlyForDeploymentPostprocessing = 0;
		};
/* End PBXFrameworksBuildPhase section */

/* Begin PBXGroup section */
		1809FB0E18F640A2003F1CBC = {
			isa = PBXGroup;
			children = (
				1809FB2018F640A2003F1CBC /* CCExtendUtilsDemo */,
				1809FB4218F640A3003F1CBC /* CCExtendUtilsDemoTests */,
				1809FB1918F640A2003F1CBC /* Frameworks */,
				1809FB1818F640A2003F1CBC /* Products */,
			);
			sourceTree = "<group>";
		};
		1809FB1818F640A2003F1CBC /* Products */ = {
			isa = PBXGroup;
			children = (
				1809FB1718F640A2003F1CBC /* CCExtendUtilsDemo.app */,
				1809FB3B18F640A3003F1CBC /* CCExtendUtilsDemoTests.xctest */,
			);
			name = Products;
			sourceTree = "<group>";
		};
		1809FB1918F640A2003F1CBC /* Frameworks */ = {
			isa = PBXGroup;
			children = (
				1809FB1A18F640A2003F1CBC /* Foundation.framework */,
				1809FB1C18F640A2003F1CBC /* CoreGraphics.framework */,
				1809FB1E18F640A2003F1CBC /* UIKit.framework */,
				1809FB3C18F640A3003F1CBC /* XCTest.framework */,
			);
			name = Frameworks;
			sourceTree = "<group>";
		};
		1809FB2018F640A2003F1CBC /* CCExtendUtilsDemo */ = {
			isa = PBXGroup;
			children = (
				18E37EA018F65885004D4C57 /* Vender */,
				1809FB2918F640A2003F1CBC /* CCAppDelegate.h */,
				1809FB2A18F640A2003F1CBC /* CCAppDelegate.m */,
				18E37E9F18F65711004D4C57 /* ViewAndControllers */,
				1809FB2C18F640A2003F1CBC /* Main_iPhone.storyboard */,
				1809FB3218F640A3003F1CBC /* CCViewController.h */,
				1809FB3318F640A3003F1CBC /* CCViewController.m */,
				1809FB3518F640A3003F1CBC /* Images.xcassets */,
				1809FB2118F640A2003F1CBC /* Supporting Files */,
			);
			path = CCExtendUtilsDemo;
			sourceTree = "<group>";
		};
		1809FB2118F640A2003F1CBC /* Supporting Files */ = {
			isa = PBXGroup;
			children = (
				1809FB2218F640A2003F1CBC /* CCExtendUtilsDemo-Info.plist */,
				1809FB2318F640A2003F1CBC /* InfoPlist.strings */,
				1809FB2618F640A2003F1CBC /* main.m */,
				1809FB2818F640A2003F1CBC /* CCExtendUtilsDemo-Prefix.pch */,
			);
			name = "Supporting Files";
			sourceTree = "<group>";
		};
		1809FB4218F640A3003F1CBC /* CCExtendUtilsDemoTests */ = {
			isa = PBXGroup;
			children = (
				18E37E9818F65227004D4C57 /* CCNSStringValidateTests.m */,
				1809FB4318F640A3003F1CBC /* Supporting Files */,
			);
			path = CCExtendUtilsDemoTests;
			sourceTree = "<group>";
		};
		1809FB4318F640A3003F1CBC /* Supporting Files */ = {
			isa = PBXGroup;
			children = (
				1809FB4418F640A3003F1CBC /* CCExtendUtilsDemoTests-Info.plist */,
				1809FB4518F640A3003F1CBC /* InfoPlist.strings */,
			);
			name = "Supporting Files";
			sourceTree = "<group>";
		};
		185FCA6D18F68ABE00A0127D /* CCExtendUtils */ = {
			isa = PBXGroup;
			children = (
				185FCA6E18F68ABE00A0127D /* NSString+CCExtends */,
				185FCA7118F68ABE00A0127D /* UITextField+CCValidate */,
			);
			name = CCExtendUtils;
			path = ../CCExtendUtils;
			sourceTree = SOURCE_ROOT;
		};
		185FCA6E18F68ABE00A0127D /* NSString+CCExtends */ = {
			isa = PBXGroup;
			children = (
				185FCA6F18F68ABE00A0127D /* NSString+CCValidate.h */,
				185FCA7018F68ABE00A0127D /* NSString+CCValidate.m */,
			);
			name = "NSString+CCExtends";
			path = "../CCExtendUtils/NSString+CCExtends";
			sourceTree = SOURCE_ROOT;
		};
		185FCA7118F68ABE00A0127D /* UITextField+CCValidate */ = {
			isa = PBXGroup;
			children = (
				185FCA7218F68ABE00A0127D /* CCValidateEmailTextField.h */,
				185FCA7318F68ABE00A0127D /* CCValidateEmailTextField.m */,
				185FCA7418F68ABE00A0127D /* CCValidateNumberTextField.h */,
				185FCA7518F68ABE00A0127D /* CCValidateNumberTextField.m */,
				185FCA7618F68ABE00A0127D /* CCValidatePhoneTextField.h */,
				185FCA7718F68ABE00A0127D /* CCValidatePhoneTextField.m */,
				185FCA7818F68ABE00A0127D /* CCValidateTextField.h */,
				185FCA7918F68ABE00A0127D /* CCValidateTextField.m */,
			);
			name = "UITextField+CCValidate";
			path = "../CCExtendUtils/UITextField+CCValidate";
			sourceTree = SOURCE_ROOT;
		};
		18E37E9F18F65711004D4C57 /* ViewAndControllers */ = {
			isa = PBXGroup;
			children = (
			);
			path = ViewAndControllers;
			sourceTree = "<group>";
		};
		18E37EA018F65885004D4C57 /* Vender */ = {
			isa = PBXGroup;
			children = (
				185FCA6D18F68ABE00A0127D /* CCExtendUtils */,
			);
			path = Vender;
			sourceTree = "<group>";
		};
/* End PBXGroup section */

/* Begin PBXNativeTarget section */
		1809FB1618F640A2003F1CBC /* CCExtendUtilsDemo */ = {
			isa = PBXNativeTarget;
			buildConfigurationList = 1809FB4C18F640A3003F1CBC /* Build configuration list for PBXNativeTarget "CCExtendUtilsDemo" */;
			buildPhases = (
				1809FB1318F640A2003F1CBC /* Sources */,
				1809FB1418F640A2003F1CBC /* Frameworks */,
				1809FB1518F640A2003F1CBC /* Resources */,
			);
			buildRules = (
			);
			dependencies = (
			);
			name = CCExtendUtilsDemo;
			productName = CCExtendUtilsDemo;
			productReference = 1809FB1718F640A2003F1CBC /* CCExtendUtilsDemo.app */;
			productType = "com.apple.product-type.application";
		};
		1809FB3A18F640A3003F1CBC /* CCExtendUtilsDemoTests */ = {
			isa = PBXNativeTarget;
			buildConfigurationList = 1809FB4F18F640A3003F1CBC /* Build configuration list for PBXNativeTarget "CCExtendUtilsDemoTests" */;
			buildPhases = (
				1809FB3718F640A3003F1CBC /* Sources */,
				1809FB3818F640A3003F1CBC /* Frameworks */,
				1809FB3918F640A3003F1CBC /* Resources */,
			);
			buildRules = (
			);
			dependencies = (
				1809FB4118F640A3003F1CBC /* PBXTargetDependency */,
			);
			name = CCExtendUtilsDemoTests;
			productName = CCExtendUtilsDemoTests;
			productReference = 1809FB3B18F640A3003F1CBC /* CCExtendUtilsDemoTests.xctest */;
			productType = "com.apple.product-type.bundle.unit-test";
		};
/* End PBXNativeTarget section */

/* Begin PBXProject section */
		1809FB0F18F640A2003F1CBC /* Project object */ = {
			isa = PBXProject;
			attributes = {
				CLASSPREFIX = CC;
				LastUpgradeCheck = 0510;
				ORGANIZATIONNAME = CodingCat;
				TargetAttributes = {
					1809FB3A18F640A3003F1CBC = {
						TestTargetID = 1809FB1618F640A2003F1CBC;
					};
				};
			};
			buildConfigurationList = 1809FB1218F640A2003F1CBC /* Build configuration list for PBXProject "CCExtendUtilsDemo" */;
			compatibilityVersion = "Xcode 3.2";
			developmentRegion = English;
			hasScannedForEncodings = 0;
			knownRegions = (
				en,
				Base,
			);
			mainGroup = 1809FB0E18F640A2003F1CBC;
			productRefGroup = 1809FB1818F640A2003F1CBC /* Products */;
			projectDirPath = "";
			projectRoot = "";
			targets = (
				1809FB1618F640A2003F1CBC /* CCExtendUtilsDemo */,
				1809FB3A18F640A3003F1CBC /* CCExtendUtilsDemoTests */,
			);
		};
/* End PBXProject section */

/* Begin PBXResourcesBuildPhase section */
		1809FB1518F640A2003F1CBC /* Resources */ = {
			isa = PBXResourcesBuildPhase;
			buildActionMask = 2147483647;
			files = (
				1809FB3618F640A3003F1CBC /* Images.xcassets in Resources */,
				1809FB2E18F640A2003F1CBC /* Main_iPhone.storyboard in Resources */,
				1809FB2518F640A2003F1CBC /* InfoPlist.strings in Resources */,
			);
			runOnlyForDeploymentPostprocessing = 0;
		};
		1809FB3918F640A3003F1CBC /* Resources */ = {
			isa = PBXResourcesBuildPhase;
			buildActionMask = 2147483647;
			files = (
				1809FB4718F640A3003F1CBC /* InfoPlist.strings in Resources */,
			);
			runOnlyForDeploymentPostprocessing = 0;
		};
/* End PBXResourcesBuildPhase section */

/* Begin PBXSourcesBuildPhase section */
		1809FB1318F640A2003F1CBC /* Sources */ = {
			isa = PBXSourcesBuildPhase;
			buildActionMask = 2147483647;
			files = (
				185FCA7B18F68ABE00A0127D /* CCValidateEmailTextField.m in Sources */,
				185FCA7E18F68ABE00A0127D /* CCValidateTextField.m in Sources */,
				185FCA7D18F68ABE00A0127D /* CCValidatePhoneTextField.m in Sources */,
				1809FB2B18F640A2003F1CBC /* CCAppDelegate.m in Sources */,
				185FCA7C18F68ABE00A0127D /* CCValidateNumberTextField.m in Sources */,
				1809FB2718F640A2003F1CBC /* main.m in Sources */,
				1809FB3418F640A3003F1CBC /* CCViewController.m in Sources */,
				185FCA7A18F68ABE00A0127D /* NSString+CCValidate.m in Sources */,
			);
			runOnlyForDeploymentPostprocessing = 0;
		};
		1809FB3718F640A3003F1CBC /* Sources */ = {
			isa = PBXSourcesBuildPhase;
			buildActionMask = 2147483647;
			files = (
				18E37E9918F65227004D4C57 /* CCNSStringValidateTests.m in Sources */,
			);
			runOnlyForDeploymentPostprocessing = 0;
		};
/* End PBXSourcesBuildPhase section */

/* Begin PBXTargetDependency section */
		1809FB4118F640A3003F1CBC /* PBXTargetDependency */ = {
			isa = PBXTargetDependency;
			target = 1809FB1618F640A2003F1CBC /* CCExtendUtilsDemo */;
			targetProxy = 1809FB4018F640A3003F1CBC /* PBXContainerItemProxy */;
		};
/* End PBXTargetDependency section */

/* Begin PBXVariantGroup section */
		1809FB2318F640A2003F1CBC /* InfoPlist.strings */ = {
			isa = PBXVariantGroup;
			children = (
				1809FB2418F640A2003F1CBC /* en */,
			);
			name = InfoPlist.strings;
			sourceTree = "<group>";
		};
		1809FB2C18F640A2003F1CBC /* Main_iPhone.storyboard */ = {
			isa = PBXVariantGroup;
			children = (
				1809FB2D18F640A2003F1CBC /* Base */,
			);
			name = Main_iPhone.storyboard;
			sourceTree = "<group>";
		};
		1809FB4518F640A3003F1CBC /* InfoPlist.strings */ = {
			isa = PBXVariantGroup;
			children = (
				1809FB4618F640A3003F1CBC /* en */,
			);
			name = InfoPlist.strings;
			sourceTree = "<group>";
		};
/* End PBXVariantGroup section */

/* Begin XCBuildConfiguration section */
		1809FB4A18F640A3003F1CBC /* Debug */ = {
			isa = XCBuildConfiguration;
			buildSettings = {
				ALWAYS_SEARCH_USER_PATHS = NO;
				CLANG_CXX_LANGUAGE_STANDARD = "gnu++0x";
				CLANG_CXX_LIBRARY = "libc++";
				CLANG_ENABLE_MODULES = YES;
				CLANG_ENABLE_OBJC_ARC = YES;
				CLANG_WARN_BOOL_CONVERSION = YES;
				CLANG_WARN_CONSTANT_CONVERSION = YES;
				CLANG_WARN_DIRECT_OBJC_ISA_USAGE = YES_ERROR;
				CLANG_WARN_EMPTY_BODY = YES;
				CLANG_WARN_ENUM_CONVERSION = YES;
				CLANG_WARN_INT_CONVERSION = YES;
				CLANG_WARN_OBJC_ROOT_CLASS = YES_ERROR;
				CLANG_WARN__DUPLICATE_METHOD_MATCH = YES;
				"CODE_SIGN_IDENTITY[sdk=iphoneos*]" = "iPhone Developer";
				COPY_PHASE_STRIP = NO;
				GCC_C_LANGUAGE_STANDARD = gnu99;
				GCC_DYNAMIC_NO_PIC = NO;
				GCC_OPTIMIZATION_LEVEL = 0;
				GCC_PREPROCESSOR_DEFINITIONS = (
					"DEBUG=1",
					"$(inherited)",
				);
				GCC_SYMBOLS_PRIVATE_EXTERN = NO;
				GCC_WARN_64_TO_32_BIT_CONVERSION = YES;
				GCC_WARN_ABOUT_RETURN_TYPE = YES_ERROR;
				GCC_WARN_UNDECLARED_SELECTOR = YES;
				GCC_WARN_UNINITIALIZED_AUTOS = YES_AGGRESSIVE;
				GCC_WARN_UNUSED_FUNCTION = YES;
				GCC_WARN_UNUSED_VARIABLE = YES;
				IPHONEOS_DEPLOYMENT_TARGET = 5.0;
				ONLY_ACTIVE_ARCH = YES;
				SDKROOT = iphoneos;
				TARGETED_DEVICE_FAMILY = "1,2";
			};
			name = Debug;
		};
		1809FB4B18F640A3003F1CBC /* Release */ = {
			isa = XCBuildConfiguration;
			buildSettings = {
				ALWAYS_SEARCH_USER_PATHS = NO;
				CLANG_CXX_LANGUAGE_STANDARD = "gnu++0x";
				CLANG_CXX_LIBRARY = "libc++";
				CLANG_ENABLE_MODULES = YES;
				CLANG_ENABLE_OBJC_ARC = YES;
				CLANG_WARN_BOOL_CONVERSION = YES;
				CLANG_WARN_CONSTANT_CONVERSION = YES;
				CLANG_WARN_DIRECT_OBJC_ISA_USAGE = YES_ERROR;
				CLANG_WARN_EMPTY_BODY = YES;
				CLANG_WARN_ENUM_CONVERSION = YES;
				CLANG_WARN_INT_CONVERSION = YES;
				CLANG_WARN_OBJC_ROOT_CLASS = YES_ERROR;
				CLANG_WARN__DUPLICATE_METHOD_MATCH = YES;
				"CODE_SIGN_IDENTITY[sdk=iphoneos*]" = "iPhone Developer";
				COPY_PHASE_STRIP = YES;
				ENABLE_NS_ASSERTIONS = NO;
				GCC_C_LANGUAGE_STANDARD = gnu99;
				GCC_WARN_64_TO_32_BIT_CONVERSION = YES;
				GCC_WARN_ABOUT_RETURN_TYPE = YES_ERROR;
				GCC_WARN_UNDECLARED_SELECTOR = YES;
				GCC_WARN_UNINITIALIZED_AUTOS = YES_AGGRESSIVE;
				GCC_WARN_UNUSED_FUNCTION = YES;
				GCC_WARN_UNUSED_VARIABLE = YES;
				IPHONEOS_DEPLOYMENT_TARGET = 5.0;
				SDKROOT = iphoneos;
				TARGETED_DEVICE_FAMILY = "1,2";
				VALIDATE_PRODUCT = YES;
			};
			name = Release;
		};
		1809FB4D18F640A3003F1CBC /* Debug */ = {
			isa = XCBuildConfiguration;
			buildSettings = {
				ASSETCATALOG_COMPILER_APPICON_NAME = AppIcon;
				ASSETCATALOG_COMPILER_LAUNCHIMAGE_NAME = LaunchImage;
				GCC_PRECOMPILE_PREFIX_HEADER = YES;
				GCC_PREFIX_HEADER = "CCExtendUtilsDemo/CCExtendUtilsDemo-Prefix.pch";
				INFOPLIST_FILE = "CCExtendUtilsDemo/CCExtendUtilsDemo-Info.plist";
				PRODUCT_NAME = "$(TARGET_NAME)";
				TARGETED_DEVICE_FAMILY = 1;
				WRAPPER_EXTENSION = app;
			};
			name = Debug;
		};
		1809FB4E18F640A3003F1CBC /* Release */ = {
			isa = XCBuildConfiguration;
			buildSettings = {
				ASSETCATALOG_COMPILER_APPICON_NAME = AppIcon;
				ASSETCATALOG_COMPILER_LAUNCHIMAGE_NAME = LaunchImage;
				GCC_PRECOMPILE_PREFIX_HEADER = YES;
				GCC_PREFIX_HEADER = "CCExtendUtilsDemo/CCExtendUtilsDemo-Prefix.pch";
				INFOPLIST_FILE = "CCExtendUtilsDemo/CCExtendUtilsDemo-Info.plist";
				PRODUCT_NAME = "$(TARGET_NAME)";
				TARGETED_DEVICE_FAMILY = 1;
				WRAPPER_EXTENSION = app;
			};
			name = Release;
		};
		1809FB5018F640A3003F1CBC /* Debug */ = {
			isa = XCBuildConfiguration;
			buildSettings = {
				BUNDLE_LOADER = "$(BUILT_PRODUCTS_DIR)/CCExtendUtilsDemo.app/CCExtendUtilsDemo";
				FRAMEWORK_SEARCH_PATHS = (
					"$(SDKROOT)/Developer/Library/Frameworks",
					"$(inherited)",
					"$(DEVELOPER_FRAMEWORKS_DIR)",
				);
				GCC_PRECOMPILE_PREFIX_HEADER = YES;
				GCC_PREFIX_HEADER = "CCExtendUtilsDemo/CCExtendUtilsDemo-Prefix.pch";
				GCC_PREPROCESSOR_DEFINITIONS = (
					"DEBUG=1",
					"$(inherited)",
				);
				INFOPLIST_FILE = "CCExtendUtilsDemoTests/CCExtendUtilsDemoTests-Info.plist";
				PRODUCT_NAME = "$(TARGET_NAME)";
				TEST_HOST = "$(BUNDLE_LOADER)";
				WRAPPER_EXTENSION = xctest;
			};
			name = Debug;
		};
		1809FB5118F640A3003F1CBC /* Release */ = {
			isa = XCBuildConfiguration;
			buildSettings = {
				BUNDLE_LOADER = "$(BUILT_PRODUCTS_DIR)/CCExtendUtilsDemo.app/CCExtendUtilsDemo";
				FRAMEWORK_SEARCH_PATHS = (
					"$(SDKROOT)/Developer/Library/Frameworks",
					"$(inherited)",
					"$(DEVELOPER_FRAMEWORKS_DIR)",
				);
				GCC_PRECOMPILE_PREFIX_HEADER = YES;
				GCC_PREFIX_HEADER = "CCExtendUtilsDemo/CCExtendUtilsDemo-Prefix.pch";
				INFOPLIST_FILE = "CCExtendUtilsDemoTests/CCExtendUtilsDemoTests-Info.plist";
				PRODUCT_NAME = "$(TARGET_NAME)";
				TEST_HOST = "$(BUNDLE_LOADER)";
				WRAPPER_EXTENSION = xctest;
			};
			name = Release;
		};
/* End XCBuildConfiguration section */

/* Begin XCConfigurationList section */
		1809FB1218F640A2003F1CBC /* Build configuration list for PBXProject "CCExtendUtilsDemo" */ = {
			isa = XCConfigurationList;
			buildConfigurations = (
				1809FB4A18F640A3003F1CBC /* Debug */,
				1809FB4B18F640A3003F1CBC /* Release */,
			);
			defaultConfigurationIsVisible = 0;
			defaultConfigurationName = Release;
		};
		1809FB4C18F640A3003F1CBC /* Build configuration list for PBXNativeTarget "CCExtendUtilsDemo" */ = {
			isa = XCConfigurationList;
			buildConfigurations = (
				1809FB4D18F640A3003F1CBC /* Debug */,
				1809FB4E18F640A3003F1CBC /* Release */,
			);
			defaultConfigurationIsVisible = 0;
			defaultConfigurationName = Release;
		};
		1809FB4F18F640A3003F1CBC /* Build configuration list for PBXNativeTarget "CCExtendUtilsDemoTests" */ = {
			isa = XCConfigurationList;
			buildConfigurations = (
				1809FB5018F640A3003F1CBC /* Debug */,
				1809FB5118F640A3003F1CBC /* Release */,
			);
			defaultConfigurationIsVisible = 0;
			defaultConfigurationName = Release;
		};
/* End XCConfigurationList section */
	};
	rootObject = 1809FB0F18F640A2003F1CBC /* Project object */;
}
